dependencies:
- name: fluentd-elasticsearch
  repository: file://charts/fluentd-elasticsearch
  version: 6.1.1
- name: opensearch-certs
  repository: file://charts/opensearch-certs
  version: 0.1.0
- name: opensearch
  repository: file://charts/opensearch
  version: 1.13.3
- name: opensearch-exporter
  repository: file://charts/elasticsearch-exporter
  version: 3.0.0
digest: sha256:2e2fc5a1351020a771ea61fa3d3e1dffaf8d21f5711b3e1a09aebef2d29fea16
generated: "2021-12-14T18:01:19.511093868+01:00"
